<?xml version="1.0" encoding="utf-8"?>
<Project ToolsVersion="4.0" xmlns="http://schemas.microsoft.com/developer/msbuild/2003">
  <ItemGroup>
    <Filter Include="Turing">
      <UniqueIdentifier>{FEDC55D4-EA7E-80AA-D339-94FEBF7A07FB}</UniqueIdentifier>
    </Filter>
    <Filter Include="Turing\Events">
      <UniqueIdentifier>{223F6DCA-8EFF-E800-573A-327EC3B92DDD}</UniqueIdentifier>
    </Filter>
    <Filter Include="Turing\Platform">
      <UniqueIdentifier>{1297D736-7E22-45FB-8733-C8EFF33DA1FB}</UniqueIdentifier>
    </Filter>
    <Filter Include="Turing\Platform\Windows">
      <UniqueIdentifier>{4C334C3B-B86A-94D2-C174-F8F52D2BBBCB}</UniqueIdentifier>
    </Filter>
  </ItemGroup>
  <ItemGroup>
    <ClInclude Include="SRC\Turing.h" />
    <ClInclude Include="SRC\Turing\Application.h">
      <Filter>Turing</Filter>
    </ClInclude>
    <ClInclude Include="SRC\Turing\Core.h">
      <Filter>Turing</Filter>
    </ClInclude>
    <ClInclude Include="SRC\Turing\EntryPoint.h">
      <Filter>Turing</Filter>
    </ClInclude>
    <ClInclude Include="SRC\Turing\Events\ApplicationEvent.h">
      <Filter>Turing\Events</Filter>
    </ClInclude>
    <ClInclude Include="SRC\Turing\Events\Event.h">
      <Filter>Turing\Events</Filter>
    </ClInclude>
    <ClInclude Include="SRC\Turing\Events\KeyEvent.h">
      <Filter>Turing\Events</Filter>
    </ClInclude>
    <ClInclude Include="SRC\Turing\Events\MouseEvent.h">
      <Filter>Turing\Events</Filter>
    </ClInclude>
    <ClInclude Include="SRC\Turing\Log.h">
      <Filter>Turing</Filter>
    </ClInclude>
    <ClInclude Include="SRC\Turing\Platform\Windows\WindowsWindow.h">
      <Filter>Turing\Platform\Windows</Filter>
    </ClInclude>
    <ClInclude Include="SRC\Turing\Window.h">
      <Filter>Turing</Filter>
    </ClInclude>
    <ClInclude Include="SRC\trpch.h" />
  </ItemGroup>
  <ItemGroup>
    <ClCompile Include="SRC\Turing\Application.cpp">
      <Filter>Turing</Filter>
    </ClCompile>
    <ClCompile Include="SRC\Turing\Log.cpp">
      <Filter>Turing</Filter>
    </ClCompile>
    <ClCompile Include="SRC\Turing\Platform\Windows\WindowsWindow.cpp">
      <Filter>Turing\Platform\Windows</Filter>
    </ClCompile>
    <ClCompile Include="SRC\trpch.cpp" />
  </ItemGroup>
</Project>